
Microsoft Visual Studio Solution File, Format Version 12.00
# Visual Studio Version 16
VisualStudioVersion = 16.0.32106.194
MinimumVisualStudioVersion = 10.0.40219.1
Project("{9A19103F-16F7-4668-BE54-9A1E7A4F7556}") = "EmployeePayRoll-MVC", "EmployeePayRoll-MVC\EmployeePayRoll-MVC.csproj", "{7443163C-AFAD-426F-B7E2-D33A18FA1653}"
EndProject
Project("{FAE04EC0-301F-11D3-BF4B-00C04F79EFBC}") = "RepositoryLayer", "RepositoryLayer\RepositoryLayer.csproj", "{400D79A2-87E6-4824-B2F1-2F73FA7D185C}"
EndProject
Project("{FAE04EC0-301F-11D3-BF4B-00C04F79EFBC}") = "BusinessLayer", "BusinessLayer\BusinessLayer.csproj", "{9EE079BE-9C81-47EF-BD1A-9686EFD25016}"
EndProject
Project("{FAE04EC0-301F-11D3-BF4B-00C04F79EFBC}") = "CommonLayer", "CommonLayer\CommonLayer.csproj", "{FC7853A0-4142-4057-945B-F4E561F018A8}"
EndProject
Global
	GlobalSection(SolutionConfigurationPlatforms) = preSolution
		Debug|Any CPU = Debug|Any CPU
		Release|Any CPU = Release|Any CPU
	EndGlobalSection
	GlobalSection(ProjectConfigurationPlatforms) = postSolution
		{7443163C-AFAD-426F-B7E2-D33A18FA1653}.Debug|Any CPU.ActiveCfg = Debug|Any CPU
		{7443163C-AFAD-426F-B7E2-D33A18FA1653}.Debug|Any CPU.Build.0 = Debug|Any CPU
		{7443163C-AFAD-426F-B7E2-D33A18FA1653}.Release|Any CPU.ActiveCfg = Release|Any CPU
		{7443163C-AFAD-426F-B7E2-D33A18FA1653}.Release|Any CPU.Build.0 = Release|Any CPU
		{400D79A2-87E6-4824-B2F1-2F73FA7D185C}.Debug|Any CPU.ActiveCfg = Debug|Any CPU
		{400D79A2-87E6-4824-B2F1-2F73FA7D185C}.Debug|Any CPU.Build.0 = Debug|Any CPU
		{400D79A2-87E6-4824-B2F1-2F73FA7D185C}.Release|Any CPU.ActiveCfg = Release|Any CPU
		{400D79A2-87E6-4824-B2F1-2F73FA7D185C}.Release|Any CPU.Build.0 = Release|Any CPU
		{9EE079BE-9C81-47EF-BD1A-9686EFD25016}.Debug|Any CPU.ActiveCfg = Debug|Any CPU
		{9EE079BE-9C81-47EF-BD1A-9686EFD25016}.Debug|Any CPU.Build.0 = Debug|Any CPU
		{9EE079BE-9C81-47EF-BD1A-9686EFD25016}.Release|Any CPU.ActiveCfg = Release|Any CPU
		{9EE079BE-9C81-47EF-BD1A-9686EFD25016}.Release|Any CPU.Build.0 = Release|Any CPU
		{FC7853A0-4142-4057-945B-F4E561F018A8}.Debug|Any CPU.ActiveCfg = Debug|Any CPU
		{FC7853A0-4142-4057-945B-F4E561F018A8}.Debug|Any CPU.Build.0 = Debug|Any CPU
		{FC7853A0-4142-4057-945B-F4E561F018A8}.Release|Any CPU.ActiveCfg = Release|Any CPU
		{FC7853A0-4142-4057-945B-F4E561F018A8}.Release|Any CPU.Build.0 = Release|Any CPU
	EndGlobalSection
	GlobalSection(SolutionProperties) = preSolution
		HideSolutionNode = FALSE
	EndGlobalSection
	GlobalSection(ExtensibilityGlobals) = postSolution
		SolutionGuid = {D1F7DA6C-09A0-4797-97C4-14B36922D30C}
	EndGlobalSection
EndGlobal
